schema: '2.0'
stages:
  prepare_data:
    cmd: ./run_stage.sh prepare_data
    deps:
    - path: ../../config/pipeline/params.yaml
      hash: md5
      md5: 4fe693828857eeafc06eb75bb65d5738
      size: 637
    - path: ../../llm_local/pipeline/dataset.py
      hash: md5
      md5: 5e2e1ce48f2a5908138aee49b9378485
      size: 4669
    - path: ../../llm_local/pipeline/stages/common.py
      hash: md5
      md5: 38e77ff8b68c14110836ad71d1a78917
      size: 1883
    - path: ../../llm_local/pipeline/stages/prepare_data.py
      hash: md5
      md5: a3682219c8a51080e51f842d9bb53505
      size: 3454
    - path: data/raw
      hash: md5
      md5: 2aadea3599dbcbc0b0135ec99beb4764.dir
      size: 117
      nfiles: 1
    params:
      ../../config/pipeline/params.yaml:
        dataset.format: conversation
        dataset.source: data/raw
        dataset.splits:
          train: train.jsonl
          val: val.jsonl
          test: test.jsonl
        dataset.version_tag: v1
        train.dry_run: true
    outs:
    - path: data/processed/dataset_manifest.json
      hash: md5
      md5: 185734f0fb5d32cbaf1e06e4f0795767
      size: 756
  train:
    cmd: ./run_stage.sh train
    deps:
    - path: ../../config/pipeline/params.yaml
      hash: md5
      md5: 4fe693828857eeafc06eb75bb65d5738
      size: 637
    - path: ../../llm_local/pipeline/stages/common.py
      hash: md5
      md5: 38e77ff8b68c14110836ad71d1a78917
      size: 1883
    - path: ../../llm_local/pipeline/stages/train.py
      hash: md5
      md5: 0ff3e8266952a01dda86f0c7a3e2e991
      size: 2148
    - path: data/processed/dataset_manifest.json
      hash: md5
      md5: 185734f0fb5d32cbaf1e06e4f0795767
      size: 756
    params:
      ../../config/pipeline/params.yaml:
        model.base_model: local/TinyLlama-1.1B-Chat-v1.0
        model.name: mlops-ct-model
        train.dry_run: true
        train.epochs: 1
        train.learning_rate: 0.0002
    outs:
    - path: models/artifacts/run_manifest.json
      hash: md5
      md5: 210008a1365f96ba0ae41e70f731ae17
      size: 623
  evaluate:
    cmd: ./run_stage.sh evaluate
    deps:
    - path: ../../config/pipeline/params.yaml
      hash: md5
      md5: 4fe693828857eeafc06eb75bb65d5738
      size: 637
    - path: ../../llm_local/pipeline/stages/common.py
      hash: md5
      md5: 38e77ff8b68c14110836ad71d1a78917
      size: 1883
    - path: ../../llm_local/pipeline/stages/evaluate.py
      hash: md5
      md5: 470b6c5c05332c01ef1da4a3f6e8bbc8
      size: 1096
    - path: models/artifacts/run_manifest.json
      hash: md5
      md5: 210008a1365f96ba0ae41e70f731ae17
      size: 623
    params:
      ../../config/pipeline/params.yaml:
        evaluate.min_accuracy: 0.0
    outs:
    - path: evaluation/results/ct_eval_report.json
      hash: md5
      md5: e9cdf8271c7253a1288fc615506a83b6
      size: 200
  register:
    cmd: ./run_stage.sh register
    deps:
    - path: ../../config/pipeline/params.yaml
      hash: md5
      md5: 4fe693828857eeafc06eb75bb65d5738
      size: 637
    - path: ../../llm_local/pipeline/stages/common.py
      hash: md5
      md5: 38e77ff8b68c14110836ad71d1a78917
      size: 1883
    - path: ../../llm_local/pipeline/stages/register.py
      hash: md5
      md5: 36124aad98ab74e2523dfe92933cccef
      size: 2118
    - path: evaluation/results/ct_eval_report.json
      hash: md5
      md5: e9cdf8271c7253a1288fc615506a83b6
      size: 200
    - path: models/artifacts/run_manifest.json
      hash: md5
      md5: 210008a1365f96ba0ae41e70f731ae17
      size: 623
    params:
      ../../config/pipeline/params.yaml:
        register.release_prefix: rel-ct
    outs:
    - path: data/pipeline/release_pointer.json
      hash: md5
      md5: 41f71ced2990586a3ed8dc033c6102cc
      size: 218
